// !$*UTF8*$!
{
	archiveVersion = 1;
	classes = {
	};
	objectVersion = 56;
	objects = {

/* Begin PBXBuildFile section */
		125A34447D7348F83F5141B2 /* Category.swift in Sources */ = {isa = PBXBuildFile; fileRef = C25CB3F6DB0499757EDDFB7B /* Category.swift */; };
		1260BCACF0900B327C60D2F5 /* SettingsView.swift in Sources */ = {isa = PBXBuildFile; fileRef = 42E7F8111BDA13A9B3BB2AC2 /* SettingsView.swift */; };
		1A2B3C4D5E6F7A8B9C0D1E2F /* NotesView.swift in Sources */ = {isa = PBXBuildFile; fileRef = FA1B2C3D4E5F6A7B8C9D0E1F /* NotesView.swift */; };
		2BA547C756CABB514F95877B /* Color+Theme.swift in Sources */ = {isa = PBXBuildFile; fileRef = B6310064261343F6AE4F738B /* Color+Theme.swift */; };
		2F5E2ABE17DC9980AC740406 /* FormulaViewModel.swift in Sources */ = {isa = PBXBuildFile; fileRef = DFF9C44808D5B4749841FCFA /* FormulaViewModel.swift */; };
		3666AB4D18A27DBFD396CA86 /* FormulaDetailView.swift in Sources */ = {isa = PBXBuildFile; fileRef = 9E281D6F606BE8E758B58CBB /* FormulaDetailView.swift */; };
		4C2B5A1E2C6BCC8168702634 /* Configuration.storekit in Sources */ = {isa = PBXBuildFile; fileRef = 864A303E599020C04DA41ED3 /* Configuration.storekit */; };
		5EB9228A17B4B2E293ECC5DE /* LaTeXView.swift in Sources */ = {isa = PBXBuildFile; fileRef = 81DD4A80EE73A341426EB228 /* LaTeXView.swift */; };
		62616A5DE1201D2B476261AC /* UserNote.swift in Sources */ = {isa = PBXBuildFile; fileRef = B279F840865C62BD71162CEC /* UserNote.swift */; };
		6A75E02212965C2C0936DFF9 /* FormulaListView.swift in Sources */ = {isa = PBXBuildFile; fileRef = 07A745A933475F69910E0041 /* FormulaListView.swift */; };
		6D45A11FD0943F8FC2A7889E /* FormulaCardView.swift in Sources */ = {isa = PBXBuildFile; fileRef = 78F90EAFE464B00442C87CFA /* FormulaCardView.swift */; };
		764188A286F955C6DB0CD0B5 /* CategoryCardView.swift in Sources */ = {isa = PBXBuildFile; fileRef = 65A697FEB54723B3D4D17718 /* CategoryCardView.swift */; };
		77BB3284307A36BF50BB5C34 /* SearchService.swift in Sources */ = {isa = PBXBuildFile; fileRef = 8BD799210B540F39AF653AD6 /* SearchService.swift */; };
		7A23C8713CAE3E3AF1BDB566 /* DataService.swift in Sources */ = {isa = PBXBuildFile; fileRef = 2E298876861698A2B8D176CF /* DataService.swift */; };
		7EFA2B726D0EF84E2392266E /* Formula.swift in Sources */ = {isa = PBXBuildFile; fileRef = C61F0F49C42F14B8A077A2E8 /* Formula.swift */; };
		80A7B20C9688C9BB654C6FF0 /* formulary_data.json in Resources */ = {isa = PBXBuildFile; fileRef = FFCA9C3D3EBD068F2C0CB6DD /* formulary_data.json */; };
		8A33A11E8616B3A62B8E5903 /* LevelBadgeView.swift in Sources */ = {isa = PBXBuildFile; fileRef = 2A00391BB8CC977C0A152355 /* LevelBadgeView.swift */; };
		8B89104608A0310C80F3E226 /* ContentView.swift in Sources */ = {isa = PBXBuildFile; fileRef = 1B55D077B1E674D791B24B50 /* ContentView.swift */; };
		8D4D25C9C6C744DF7EC6AE97 /* SubcategoryListView.swift in Sources */ = {isa = PBXBuildFile; fileRef = ACF6A6C09D8241CBBA04CD2C /* SubcategoryListView.swift */; };
		8E553678E338B316A9FFD563 /* View+Extensions.swift in Sources */ = {isa = PBXBuildFile; fileRef = FF37BDA81A796E9EFD974F83 /* View+Extensions.swift */; };
		8F61B405060F64B0FCEC4C4F /* FormularyApp.swift in Sources */ = {isa = PBXBuildFile; fileRef = 2C974C543D92C550FE092A4B /* FormularyApp.swift */; };
		9465C9AFC6E4327EB95AC873 /* HomeView.swift in Sources */ = {isa = PBXBuildFile; fileRef = 9CBF76C0A98B2A92C652A292 /* HomeView.swift */; };
		9736F4D592EC57454C05BC9D /* FavoritesViewModel.swift in Sources */ = {isa = PBXBuildFile; fileRef = 2656CD5978784BC285C342FF /* FavoritesViewModel.swift */; };
		9856E2266F56330D185600AD /* Subcategory.swift in Sources */ = {isa = PBXBuildFile; fileRef = 4A73EBE2C7318ABD4EF62587 /* Subcategory.swift */; };
		9CF17000030C4B6921343AC4 /* SearchView.swift in Sources */ = {isa = PBXBuildFile; fileRef = ED586AE648939F23AC68535C /* SearchView.swift */; };
		A6F6989EC206DAD53A546ABF /* PurchaseService.swift in Sources */ = {isa = PBXBuildFile; fileRef = 20B3101E4D0473795D815BF0 /* PurchaseService.swift */; };
		AA11111111111111AAAAAAAA /* Visualization.swift in Sources */ = {isa = PBXBuildFile; fileRef = AA22222222222222AAAAAAAA /* Visualization.swift */; };
		AA88888888888888AAAAAAAA /* Assets.xcassets in Resources */ = {isa = PBXBuildFile; fileRef = AA99999999999999AAAAAAAA /* Assets.xcassets */; };
		AB11111111111111AAAAAAAA /* LaTeXTextView.swift in Sources */ = {isa = PBXBuildFile; fileRef = AB22222222222222AAAAAAAA /* LaTeXTextView.swift */; };
		AC11111111111111AAAAAAAA /* PhysicsViews.swift in Sources */ = {isa = PBXBuildFile; fileRef = AC22222222222222AAAAAAAA /* PhysicsViews.swift */; };
		AD11111111111111AAAAAAAA /* WaveOpticsViews.swift in Sources */ = {isa = PBXBuildFile; fileRef = AD22222222222222AAAAAAAA /* WaveOpticsViews.swift */; };
		AE11111111111111AAAAAAAA /* MoreGraphViews.swift in Sources */ = {isa = PBXBuildFile; fileRef = AE22222222222222AAAAAAAA /* MoreGraphViews.swift */; };
		AF11111111111111AAAAAAAA /* Font+Quicksand.swift in Sources */ = {isa = PBXBuildFile; fileRef = AF22222222222222AAAAAAAA /* Font+Quicksand.swift */; };
		AG11111111111111AAAAAAAA /* Quicksand.ttf in Resources */ = {isa = PBXBuildFile; fileRef = AG22222222222222AAAAAAAA /* Quicksand.ttf */; };
		B25064B5084F44BE429E365D /* geophys_diagram_map.json in Resources */ = {isa = PBXBuildFile; fileRef = A7B506A1E2F22B33C90CB143 /* geophys_diagram_map.json */; };
		B4149873B6362E3C95E68DF8 /* mechanical_diagram_map.json in Resources */ = {isa = PBXBuildFile; fileRef = AFE01C8E888116A23E7DCE1D /* mechanical_diagram_map.json */; };
		B42C02CB85293C630AC3790F /* physics_diagram_map.json in Resources */ = {isa = PBXBuildFile; fileRef = AF594F589522C40BDB8AF299 /* physics_diagram_map.json */; };
		B4EDC942DFFF5160ECF03ECD /* chem_eng_diagram_map.json in Resources */ = {isa = PBXBuildFile; fileRef = A5E09025B8616371FA63AC8F /* chem_eng_diagram_map.json */; };
		B6FD1855037117F59663E603 /* FavoritesView.swift in Sources */ = {isa = PBXBuildFile; fileRef = E6F890A2543F7E1EF9CC66DE /* FavoritesView.swift */; };
		B87B48BD59F7CA319AEB2A95 /* chemistry_diagram_map.json in Resources */ = {isa = PBXBuildFile; fileRef = AF8295EEF94AA9E4DDB31046 /* chemistry_diagram_map.json */; };
		B959391E967CC10FB7D9F00C /* geometry_diagram_map.json in Resources */ = {isa = PBXBuildFile; fileRef = AA0225DDD12B1E3A2B6EC334 /* geometry_diagram_map.json */; };
		BA0FD1BC132A21F5B66E3413 /* electrical_diagram_map.json in Resources */ = {isa = PBXBuildFile; fileRef = ACC04D33C4C0B229DD52D907 /* electrical_diagram_map.json */; };
		BAA4C676472CFD81EE8DDC36 /* astro_diagram_map.json in Resources */ = {isa = PBXBuildFile; fileRef = A79CE9B684014A29A9BACF1F /* astro_diagram_map.json */; };
		BB11111111111111BBBBBBBB /* VisualizationComponents.swift in Sources */ = {isa = PBXBuildFile; fileRef = BB22222222222222BBBBBBBB /* VisualizationComponents.swift */; };
		CC11111111111111CCCCCCCC /* InteractiveGraphViews.swift in Sources */ = {isa = PBXBuildFile; fileRef = CC22222222222222CCCCCCCC /* InteractiveGraphViews.swift */; };
		D03D961F3CA5B7C411FF9585 /* SearchViewModel.swift in Sources */ = {isa = PBXBuildFile; fileRef = C7898CDBC6045C4F69DA9C62 /* SearchViewModel.swift */; };
		D2E2897950E1BB03A4B36D88 /* TagChipView.swift in Sources */ = {isa = PBXBuildFile; fileRef = A02CA342B1424BCB5CDE7402 /* TagChipView.swift */; };
		D8EA77042B583D60B72CF9D9 /* SplashScreenView.swift in Sources */ = {isa = PBXBuildFile; fileRef = 1255C79ED1EC5B199CDFAAAA /* SplashScreenView.swift */; };
		DD11111111111111DDDDDDDD /* GeometryViews.swift in Sources */ = {isa = PBXBuildFile; fileRef = DD22222222222222DDDDDDDD /* GeometryViews.swift */; };
		DD1122334455667788990011 /* DisciplinePurchaseView.swift in Sources */ = {isa = PBXBuildFile; fileRef = EE1122334455667788990011 /* DisciplinePurchaseView.swift */; };
		E20E91EB4D38B1B7A141BD86 /* CategoryViewModel.swift in Sources */ = {isa = PBXBuildFile; fileRef = 73B702C7AECA3842CD3DD311 /* CategoryViewModel.swift */; };
		EE11111111111111EEEEEEEE /* VisualizationRouter.swift in Sources */ = {isa = PBXBuildFile; fileRef = EE22222222222222EEEEEEEE /* VisualizationRouter.swift */; };
		F31D402F280FBEB485815652 /* CategoryDetailView.swift in Sources */ = {isa = PBXBuildFile; fileRef = DE8F22D528CCED051B1006E3 /* CategoryDetailView.swift */; };
		F70200000000000000000001 /* math_diagram_map.json in Resources */ = {isa = PBXBuildFile; fileRef = F60200000000000000000001 /* math_diagram_map.json */; };
		FDFDEC95237A2F3C16F3C989 /* SeedData.swift in Sources */ = {isa = PBXBuildFile; fileRef = 5FDBEFD47E7CF8CA2E282AD2 /* SeedData.swift */; };
/* End PBXBuildFile section */

/* Begin PBXFileReference section */
		07A745A933475F69910E0041 /* FormulaListView.swift */ = {isa = PBXFileReference; lastKnownFileType = sourcecode.swift; path = FormulaListView.swift; sourceTree = "<group>"; };
		1255C79ED1EC5B199CDFAAAA /* SplashScreenView.swift */ = {isa = PBXFileReference; includeInIndex = 1; lastKnownFileType = sourcecode.swift; path = SplashScreenView.swift; sourceTree = "<group>"; };
		1B55D077B1E674D791B24B50 /* ContentView.swift */ = {isa = PBXFileReference; lastKnownFileType = sourcecode.swift; path = ContentView.swift; sourceTree = "<group>"; };
		20B3101E4D0473795D815BF0 /* PurchaseService.swift */ = {isa = PBXFileReference; lastKnownFileType = sourcecode.swift; path = PurchaseService.swift; sourceTree = "<group>"; };
		2656CD5978784BC285C342FF /* FavoritesViewModel.swift */ = {isa = PBXFileReference; lastKnownFileType = sourcecode.swift; path = FavoritesViewModel.swift; sourceTree = "<group>"; };
		2A00391BB8CC977C0A152355 /* LevelBadgeView.swift */ = {isa = PBXFileReference; lastKnownFileType = sourcecode.swift; path = LevelBadgeView.swift; sourceTree = "<group>"; };
		2C974C543D92C550FE092A4B /* FormularyApp.swift */ = {isa = PBXFileReference; lastKnownFileType = sourcecode.swift; path = FormularyApp.swift; sourceTree = "<group>"; };
		2E298876861698A2B8D176CF /* DataService.swift */ = {isa = PBXFileReference; lastKnownFileType = sourcecode.swift; path = DataService.swift; sourceTree = "<group>"; };
		42E7F8111BDA13A9B3BB2AC2 /* SettingsView.swift */ = {isa = PBXFileReference; lastKnownFileType = sourcecode.swift; path = SettingsView.swift; sourceTree = "<group>"; };
		4A73EBE2C7318ABD4EF62587 /* Subcategory.swift */ = {isa = PBXFileReference; lastKnownFileType = sourcecode.swift; path = Subcategory.swift; sourceTree = "<group>"; };
		5FDBEFD47E7CF8CA2E282AD2 /* SeedData.swift */ = {isa = PBXFileReference; lastKnownFileType = sourcecode.swift; path = SeedData.swift; sourceTree = "<group>"; };
		65A697FEB54723B3D4D17718 /* CategoryCardView.swift */ = {isa = PBXFileReference; lastKnownFileType = sourcecode.swift; path = CategoryCardView.swift; sourceTree = "<group>"; };
		73B702C7AECA3842CD3DD311 /* CategoryViewModel.swift */ = {isa = PBXFileReference; lastKnownFileType = sourcecode.swift; path = CategoryViewModel.swift; sourceTree = "<group>"; };
		78F90EAFE464B00442C87CFA /* FormulaCardView.swift */ = {isa = PBXFileReference; lastKnownFileType = sourcecode.swift; path = FormulaCardView.swift; sourceTree = "<group>"; };
		81DD4A80EE73A341426EB228 /* LaTeXView.swift */ = {isa = PBXFileReference; lastKnownFileType = sourcecode.swift; path = LaTeXView.swift; sourceTree = "<group>"; };
		864A303E599020C04DA41ED3 /* Configuration.storekit */ = {isa = PBXFileReference; includeInIndex = 1; lastKnownFileType = text; path = Configuration.storekit; sourceTree = "<group>"; };
		8BD799210B540F39AF653AD6 /* SearchService.swift */ = {isa = PBXFileReference; lastKnownFileType = sourcecode.swift; path = SearchService.swift; sourceTree = "<group>"; };
		9CBF76C0A98B2A92C652A292 /* HomeView.swift */ = {isa = PBXFileReference; lastKnownFileType = sourcecode.swift; path = HomeView.swift; sourceTree = "<group>"; };
		9E281D6F606BE8E758B58CBB /* FormulaDetailView.swift */ = {isa = PBXFileReference; lastKnownFileType = sourcecode.swift; path = FormulaDetailView.swift; sourceTree = "<group>"; };
		A02CA342B1424BCB5CDE7402 /* TagChipView.swift */ = {isa = PBXFileReference; lastKnownFileType = sourcecode.swift; path = TagChipView.swift; sourceTree = "<group>"; };
		A5E09025B8616371FA63AC8F /* chem_eng_diagram_map.json */ = {isa = PBXFileReference; lastKnownFileType = text.json; path = chem_eng_diagram_map.json; sourceTree = "<group>"; };
		A79CE9B684014A29A9BACF1F /* astro_diagram_map.json */ = {isa = PBXFileReference; lastKnownFileType = text.json; path = astro_diagram_map.json; sourceTree = "<group>"; };
		A7B506A1E2F22B33C90CB143 /* geophys_diagram_map.json */ = {isa = PBXFileReference; lastKnownFileType = text.json; path = geophys_diagram_map.json; sourceTree = "<group>"; };
		AA0225DDD12B1E3A2B6EC334 /* geometry_diagram_map.json */ = {isa = PBXFileReference; lastKnownFileType = text.json; path = geometry_diagram_map.json; sourceTree = "<group>"; };
		AA22222222222222AAAAAAAA /* Visualization.swift */ = {isa = PBXFileReference; lastKnownFileType = sourcecode.swift; path = Visualization.swift; sourceTree = "<group>"; };
		AA99999999999999AAAAAAAA /* Assets.xcassets */ = {isa = PBXFileReference; lastKnownFileType = folder.assetcatalog; path = Assets.xcassets; sourceTree = "<group>"; };
		AB22222222222222AAAAAAAA /* LaTeXTextView.swift */ = {isa = PBXFileReference; lastKnownFileType = sourcecode.swift; path = LaTeXTextView.swift; sourceTree = "<group>"; };
		AC22222222222222AAAAAAAA /* PhysicsViews.swift */ = {isa = PBXFileReference; lastKnownFileType = sourcecode.swift; path = PhysicsViews.swift; sourceTree = "<group>"; };
		ACC04D33C4C0B229DD52D907 /* electrical_diagram_map.json */ = {isa = PBXFileReference; lastKnownFileType = text.json; path = electrical_diagram_map.json; sourceTree = "<group>"; };
		ACF6A6C09D8241CBBA04CD2C /* SubcategoryListView.swift */ = {isa = PBXFileReference; lastKnownFileType = sourcecode.swift; path = SubcategoryListView.swift; sourceTree = "<group>"; };
		AD22222222222222AAAAAAAA /* WaveOpticsViews.swift */ = {isa = PBXFileReference; lastKnownFileType = sourcecode.swift; path = WaveOpticsViews.swift; sourceTree = "<group>"; };
		AE22222222222222AAAAAAAA /* MoreGraphViews.swift */ = {isa = PBXFileReference; lastKnownFileType = sourcecode.swift; path = MoreGraphViews.swift; sourceTree = "<group>"; };
		AF22222222222222AAAAAAAA /* Font+Quicksand.swift */ = {isa = PBXFileReference; lastKnownFileType = sourcecode.swift; path = "Font+Quicksand.swift"; sourceTree = "<group>"; };
		AF594F589522C40BDB8AF299 /* physics_diagram_map.json */ = {isa = PBXFileReference; lastKnownFileType = text.json; path = physics_diagram_map.json; sourceTree = "<group>"; };
		AF8295EEF94AA9E4DDB31046 /* chemistry_diagram_map.json */ = {isa = PBXFileReference; lastKnownFileType = text.json; path = chemistry_diagram_map.json; sourceTree = "<group>"; };
		AFE01C8E888116A23E7DCE1D /* mechanical_diagram_map.json */ = {isa = PBXFileReference; lastKnownFileType = text.json; path = mechanical_diagram_map.json; sourceTree = "<group>"; };
		AG22222222222222AAAAAAAA /* Quicksand.ttf */ = {isa = PBXFileReference; lastKnownFileType = file; path = Quicksand.ttf; sourceTree = "<group>"; };
		B279F840865C62BD71162CEC /* UserNote.swift */ = {isa = PBXFileReference; lastKnownFileType = sourcecode.swift; path = UserNote.swift; sourceTree = "<group>"; };
		B6310064261343F6AE4F738B /* Color+Theme.swift */ = {isa = PBXFileReference; lastKnownFileType = sourcecode.swift; path = "Color+Theme.swift"; sourceTree = "<group>"; };
		BB22222222222222BBBBBBBB /* VisualizationComponents.swift */ = {isa = PBXFileReference; lastKnownFileType = sourcecode.swift; path = VisualizationComponents.swift; sourceTree = "<group>"; };
		C25CB3F6DB0499757EDDFB7B /* Category.swift */ = {isa = PBXFileReference; lastKnownFileType = sourcecode.swift; path = Category.swift; sourceTree = "<group>"; };
		C2EBDBDD83D7ED297961A2A0 /* Formulary.app */ = {isa = PBXFileReference; explicitFileType = wrapper.application; includeInIndex = 0; path = Formulary.app; sourceTree = BUILT_PRODUCTS_DIR; };
		C61F0F49C42F14B8A077A2E8 /* Formula.swift */ = {isa = PBXFileReference; lastKnownFileType = sourcecode.swift; path = Formula.swift; sourceTree = "<group>"; };
		C7898CDBC6045C4F69DA9C62 /* SearchViewModel.swift */ = {isa = PBXFileReference; lastKnownFileType = sourcecode.swift; path = SearchViewModel.swift; sourceTree = "<group>"; };
		CB92BCC27A4679764A37CAA3 /* Formulary/Info.plist */ = {isa = PBXFileReference; includeInIndex = 1; lastKnownFileType = text.plist.xml; path = Formulary/Info.plist; sourceTree = "<group>"; };
		CC22222222222222CCCCCCCC /* InteractiveGraphViews.swift */ = {isa = PBXFileReference; lastKnownFileType = sourcecode.swift; path = InteractiveGraphViews.swift; sourceTree = "<group>"; };
		DD22222222222222DDDDDDDD /* GeometryViews.swift */ = {isa = PBXFileReference; lastKnownFileType = sourcecode.swift; path = GeometryViews.swift; sourceTree = "<group>"; };
		DE8F22D528CCED051B1006E3 /* CategoryDetailView.swift */ = {isa = PBXFileReference; lastKnownFileType = sourcecode.swift; path = CategoryDetailView.swift; sourceTree = "<group>"; };
		DFF9C44808D5B4749841FCFA /* FormulaViewModel.swift */ = {isa = PBXFileReference; lastKnownFileType = sourcecode.swift; path = FormulaViewModel.swift; sourceTree = "<group>"; };
		E6F890A2543F7E1EF9CC66DE /* FavoritesView.swift */ = {isa = PBXFileReference; lastKnownFileType = sourcecode.swift; path = FavoritesView.swift; sourceTree = "<group>"; };
		ED586AE648939F23AC68535C /* SearchView.swift */ = {isa = PBXFileReference; lastKnownFileType = sourcecode.swift; path = SearchView.swift; sourceTree = "<group>"; };
		EE1122334455667788990011 /* DisciplinePurchaseView.swift */ = {isa = PBXFileReference; lastKnownFileType = sourcecode.swift; path = DisciplinePurchaseView.swift; sourceTree = "<group>"; };
		EE22222222222222EEEEEEEE /* VisualizationRouter.swift */ = {isa = PBXFileReference; lastKnownFileType = sourcecode.swift; path = VisualizationRouter.swift; sourceTree = "<group>"; };
		F60200000000000000000001 /* math_diagram_map.json */ = {isa = PBXFileReference; lastKnownFileType = text.json; path = math_diagram_map.json; sourceTree = "<group>"; };
		FA1B2C3D4E5F6A7B8C9D0E1F /* NotesView.swift */ = {isa = PBXFileReference; lastKnownFileType = sourcecode.swift; path = NotesView.swift; sourceTree = "<group>"; };
		FF37BDA81A796E9EFD974F83 /* View+Extensions.swift */ = {isa = PBXFileReference; lastKnownFileType = sourcecode.swift; path = "View+Extensions.swift"; sourceTree = "<group>"; };
		FFCA9C3D3EBD068F2C0CB6DD /* formulary_data.json */ = {isa = PBXFileReference; lastKnownFileType = text.json; path = formulary_data.json; sourceTree = "<group>"; };
/* End PBXFileReference section */

/* Begin PBXFrameworksBuildPhase section */
		86468AF9336DDAAA3FEDB0AF /* Frameworks */ = {
			isa = PBXFrameworksBuildPhase;
			buildActionMask = 2147483647;
			files = (
			);
			runOnlyForDeploymentPostprocessing = 0;
		};
/* End PBXFrameworksBuildPhase section */

/* Begin PBXGroup section */
		14FA906606BF5694B750F96A /* Formulary/Data */ = {
			isa = PBXGroup;
			children = (
				5FDBEFD47E7CF8CA2E282AD2 /* SeedData.swift */,
				FFCA9C3D3EBD068F2C0CB6DD /* formulary_data.json */,
				F60200000000000000000001 /* math_diagram_map.json */,
				AF594F589522C40BDB8AF299 /* physics_diagram_map.json */,
				AF8295EEF94AA9E4DDB31046 /* chemistry_diagram_map.json */,
				AA0225DDD12B1E3A2B6EC334 /* geometry_diagram_map.json */,
				AFE01C8E888116A23E7DCE1D /* mechanical_diagram_map.json */,
				ACC04D33C4C0B229DD52D907 /* electrical_diagram_map.json */,
				A5E09025B8616371FA63AC8F /* chem_eng_diagram_map.json */,
				A7B506A1E2F22B33C90CB143 /* geophys_diagram_map.json */,
				A79CE9B684014A29A9BACF1F /* astro_diagram_map.json */,
			);
			path = Formulary/Data;
			sourceTree = "<group>";
		};
		1B913D1861A68D0529D02434 /* Category */ = {
			isa = PBXGroup;
			children = (
				DE8F22D528CCED051B1006E3 /* CategoryDetailView.swift */,
				ACF6A6C09D8241CBBA04CD2C /* SubcategoryListView.swift */,
			);
			path = Category;
			sourceTree = "<group>";
		};
		3AD81D892B27D878FF26E214 /* Formulary/App */ = {
			isa = PBXGroup;
			children = (
				2C974C543D92C550FE092A4B /* FormularyApp.swift */,
				1B55D077B1E674D791B24B50 /* ContentView.swift */,
			);
			path = Formulary/App;
			sourceTree = "<group>";
		};
		40DA66B9CA3E463BF736EA1D /* Formulary */ = {
			isa = PBXGroup;
			children = (
				AED27C9B5261FF1DFD8B2587 /* Resources */,
				CB92BCC27A4679764A37CAA3 /* Formulary/Info.plist */,
			);
			name = Formulary;
			sourceTree = "<group>";
		};
		4AAFDC5C1C0667ABA4074452 = {
			isa = PBXGroup;
			children = (
				3AD81D892B27D878FF26E214 /* Formulary/App */,
				B7A9F40F6D84D43FDF88AC0B /* Formulary/Models */,
				879BDBE479629CD794DD1564 /* Formulary/ViewModels */,
				BB6AF804E5B71F308D23D9CB /* Formulary/Views */,
				ADC9EB29636B211DED7A1FA4 /* Formulary/Services */,
				14FA906606BF5694B750F96A /* Formulary/Data */,
				E97AF7763FF52E9DF906C7FB /* Formulary/Extensions */,
				AA77777777777777AAAAAAAA /* Formulary/Resources */,
				816C2524480A1D03A0CAEBAF /* Products */,
				40DA66B9CA3E463BF736EA1D /* Formulary */,
				864A303E599020C04DA41ED3 /* Configuration.storekit */,
			);
			sourceTree = "<group>";
		};
		60C9FFD35773FE495DD151AF /* Settings */ = {
			isa = PBXGroup;
			children = (
				42E7F8111BDA13A9B3BB2AC2 /* SettingsView.swift */,
				EE1122334455667788990011 /* DisciplinePurchaseView.swift */,
			);
			path = Settings;
			sourceTree = "<group>";
		};
		816C2524480A1D03A0CAEBAF /* Products */ = {
			isa = PBXGroup;
			children = (
				C2EBDBDD83D7ED297961A2A0 /* Formulary.app */,
			);
			name = Products;
			sourceTree = "<group>";
		};
		879BDBE479629CD794DD1564 /* Formulary/ViewModels */ = {
			isa = PBXGroup;
			children = (
				73B702C7AECA3842CD3DD311 /* CategoryViewModel.swift */,
				DFF9C44808D5B4749841FCFA /* FormulaViewModel.swift */,
				C7898CDBC6045C4F69DA9C62 /* SearchViewModel.swift */,
				2656CD5978784BC285C342FF /* FavoritesViewModel.swift */,
			);
			path = Formulary/ViewModels;
			sourceTree = "<group>";
		};
		A67FB47B0F87CA6E3FA1D063 /* Favorites */ = {
			isa = PBXGroup;
			children = (
				E6F890A2543F7E1EF9CC66DE /* FavoritesView.swift */,
			);
			path = Favorites;
			sourceTree = "<group>";
		};
		AA77777777777777AAAAAAAA /* Formulary/Resources */ = {
			isa = PBXGroup;
			children = (
				AA99999999999999AAAAAAAA /* Assets.xcassets */,
				AG33333333333333AAAAAAAA /* Fonts */,
			);
			path = Formulary/Resources;
			sourceTree = "<group>";
		};
		AC33333333333333AAAAAAAA /* Physics */ = {
			isa = PBXGroup;
			children = (
				AC22222222222222AAAAAAAA /* PhysicsViews.swift */,
			);
			path = Physics;
			sourceTree = "<group>";
		};
		AD33333333333333AAAAAAAA /* WaveOptics */ = {
			isa = PBXGroup;
			children = (
				AD22222222222222AAAAAAAA /* WaveOpticsViews.swift */,
			);
			path = WaveOptics;
			sourceTree = "<group>";
		};
		ADC9EB29636B211DED7A1FA4 /* Formulary/Services */ = {
			isa = PBXGroup;
			children = (
				2E298876861698A2B8D176CF /* DataService.swift */,
				8BD799210B540F39AF653AD6 /* SearchService.swift */,
				20B3101E4D0473795D815BF0 /* PurchaseService.swift */,
			);
			path = Formulary/Services;
			sourceTree = "<group>";
		};
		AED27C9B5261FF1DFD8B2587 /* Resources */ = {
			isa = PBXGroup;
			children = (
			);
			name = Resources;
			sourceTree = "<group>";
		};
		AG33333333333333AAAAAAAA /* Fonts */ = {
			isa = PBXGroup;
			children = (
				AG22222222222222AAAAAAAA /* Quicksand.ttf */,
			);
			path = Fonts;
			sourceTree = "<group>";
		};
		B2C44C1FA3EA84452C83AB44 /* Components */ = {
			isa = PBXGroup;
			children = (
				81DD4A80EE73A341426EB228 /* LaTeXView.swift */,
				A02CA342B1424BCB5CDE7402 /* TagChipView.swift */,
				2A00391BB8CC977C0A152355 /* LevelBadgeView.swift */,
				AB22222222222222AAAAAAAA /* LaTeXTextView.swift */,
			);
			path = Components;
			sourceTree = "<group>";
		};
		B7A9F40F6D84D43FDF88AC0B /* Formulary/Models */ = {
			isa = PBXGroup;
			children = (
				C25CB3F6DB0499757EDDFB7B /* Category.swift */,
				4A73EBE2C7318ABD4EF62587 /* Subcategory.swift */,
				C61F0F49C42F14B8A077A2E8 /* Formula.swift */,
				B279F840865C62BD71162CEC /* UserNote.swift */,
				AA22222222222222AAAAAAAA /* Visualization.swift */,
			);
			path = Formulary/Models;
			sourceTree = "<group>";
		};
		BB09EA9B0E3A575BC093F1E2 /* Home */ = {
			isa = PBXGroup;
			children = (
				9CBF76C0A98B2A92C652A292 /* HomeView.swift */,
				65A697FEB54723B3D4D17718 /* CategoryCardView.swift */,
			);
			path = Home;
			sourceTree = "<group>";
		};
		BB6AF804E5B71F308D23D9CB /* Formulary/Views */ = {
			isa = PBXGroup;
			children = (
				BB09EA9B0E3A575BC093F1E2 /* Home */,
				1B913D1861A68D0529D02434 /* Category */,
				F8ED8E79C8FF63EDCBE13843 /* Formula */,
				F14A9BAFCBBA99E113CCE152 /* Search */,
				A67FB47B0F87CA6E3FA1D063 /* Favorites */,
				DA3E4F5A6B7C8D9E0F1A2B3C /* Notes */,
				60C9FFD35773FE495DD151AF /* Settings */,
				B2C44C1FA3EA84452C83AB44 /* Components */,
				FF33333333333333AAAAAAAA /* Visualization */,
				CEE5E1A104A732A9FAD10301 /* Main */,
			);
			path = Formulary/Views;
			sourceTree = "<group>";
		};
		CEE5E1A104A732A9FAD10301 /* Main */ = {
			isa = PBXGroup;
			children = (
				1255C79ED1EC5B199CDFAAAA /* SplashScreenView.swift */,
			);
			path = Main;
			sourceTree = "<group>";
		};
		DA3E4F5A6B7C8D9E0F1A2B3C /* Notes */ = {
			isa = PBXGroup;
			children = (
				FA1B2C3D4E5F6A7B8C9D0E1F /* NotesView.swift */,
			);
			path = Notes;
			sourceTree = "<group>";
		};
		E97AF7763FF52E9DF906C7FB /* Formulary/Extensions */ = {
			isa = PBXGroup;
			children = (
				B6310064261343F6AE4F738B /* Color+Theme.swift */,
				FF37BDA81A796E9EFD974F83 /* View+Extensions.swift */,
				AF22222222222222AAAAAAAA /* Font+Quicksand.swift */,
			);
			path = Formulary/Extensions;
			sourceTree = "<group>";
		};
		F14A9BAFCBBA99E113CCE152 /* Search */ = {
			isa = PBXGroup;
			children = (
				ED586AE648939F23AC68535C /* SearchView.swift */,
			);
			path = Search;
			sourceTree = "<group>";
		};
		F8ED8E79C8FF63EDCBE13843 /* Formula */ = {
			isa = PBXGroup;
			children = (
				07A745A933475F69910E0041 /* FormulaListView.swift */,
				78F90EAFE464B00442C87CFA /* FormulaCardView.swift */,
				9E281D6F606BE8E758B58CBB /* FormulaDetailView.swift */,
			);
			path = Formula;
			sourceTree = "<group>";
		};
		FF33333333333333AAAAAAAA /* Visualization */ = {
			isa = PBXGroup;
			children = (
				EE22222222222222EEEEEEEE /* VisualizationRouter.swift */,
				FF44444444444444AAAAAAAA /* Components */,
				FF55555555555555AAAAAAAA /* Graphs */,
				FF66666666666666AAAAAAAA /* Geometry */,
				AC33333333333333AAAAAAAA /* Physics */,
				AD33333333333333AAAAAAAA /* WaveOptics */,
			);
			path = Visualization;
			sourceTree = "<group>";
		};
		FF44444444444444AAAAAAAA /* Components */ = {
			isa = PBXGroup;
			children = (
				BB22222222222222BBBBBBBB /* VisualizationComponents.swift */,
			);
			path = Components;
			sourceTree = "<group>";
		};
		FF55555555555555AAAAAAAA /* Graphs */ = {
			isa = PBXGroup;
			children = (
				CC22222222222222CCCCCCCC /* InteractiveGraphViews.swift */,
				AE22222222222222AAAAAAAA /* MoreGraphViews.swift */,
			);
			path = Graphs;
			sourceTree = "<group>";
		};
		FF66666666666666AAAAAAAA /* Geometry */ = {
			isa = PBXGroup;
			children = (
				DD22222222222222DDDDDDDD /* GeometryViews.swift */,
			);
			path = Geometry;
			sourceTree = "<group>";
		};
/* End PBXGroup section */

/* Begin PBXNativeTarget section */
		1DA71CEE36C6EB8D98586832 /* Formulary */ = {
			isa = PBXNativeTarget;
			buildConfigurationList = BB3A178A47605D19D7D091B2 /* Build configuration list for PBXNativeTarget "Formulary" */;
			buildPhases = (
				5FA810AC6A86756764CBAD85 /* Sources */,
				86468AF9336DDAAA3FEDB0AF /* Frameworks */,
				92B29901230951F833551ED9 /* Resources */,
			);
			buildRules = (
			);
			dependencies = (
			);
			name = Formulary;
			productName = Formulary;
			productReference = C2EBDBDD83D7ED297961A2A0 /* Formulary.app */;
			productType = "com.apple.product-type.application";
		};
/* End PBXNativeTarget section */

/* Begin PBXProject section */
		F9A02979566CED0BD00F1B70 /* Project object */ = {
			isa = PBXProject;
			attributes = {
				BuildIndependentTargetsInParallel = YES;
				LastUpgradeCheck = 2620;
			};
			buildConfigurationList = 9CC528B827103F15F457673B /* Build configuration list for PBXProject "Formulary" */;
			compatibilityVersion = "Xcode 14.0";
			developmentRegion = en;
			hasScannedForEncodings = 0;
			knownRegions = (
				en,
				Base,
			);
			mainGroup = 4AAFDC5C1C0667ABA4074452;
			productRefGroup = 816C2524480A1D03A0CAEBAF /* Products */;
			projectDirPath = "";
			projectRoot = "";
			targets = (
				1DA71CEE36C6EB8D98586832 /* Formulary */,
			);
		};
/* End PBXProject section */

/* Begin PBXResourcesBuildPhase section */
		92B29901230951F833551ED9 /* Resources */ = {
			isa = PBXResourcesBuildPhase;
			buildActionMask = 2147483647;
			files = (
				80A7B20C9688C9BB654C6FF0 /* formulary_data.json in Resources */,
				F70200000000000000000001 /* math_diagram_map.json in Resources */,
				AA88888888888888AAAAAAAA /* Assets.xcassets in Resources */,
				AG11111111111111AAAAAAAA /* Quicksand.ttf in Resources */,
				B42C02CB85293C630AC3790F /* physics_diagram_map.json in Resources */,
				B87B48BD59F7CA319AEB2A95 /* chemistry_diagram_map.json in Resources */,
				B959391E967CC10FB7D9F00C /* geometry_diagram_map.json in Resources */,
				B4149873B6362E3C95E68DF8 /* mechanical_diagram_map.json in Resources */,
				BA0FD1BC132A21F5B66E3413 /* electrical_diagram_map.json in Resources */,
				B4EDC942DFFF5160ECF03ECD /* chem_eng_diagram_map.json in Resources */,
				B25064B5084F44BE429E365D /* geophys_diagram_map.json in Resources */,
				BAA4C676472CFD81EE8DDC36 /* astro_diagram_map.json in Resources */,
			);
			runOnlyForDeploymentPostprocessing = 0;
		};
/* End PBXResourcesBuildPhase section */

/* Begin PBXSourcesBuildPhase section */
		5FA810AC6A86756764CBAD85 /* Sources */ = {
			isa = PBXSourcesBuildPhase;
			buildActionMask = 2147483647;
			files = (
				8F61B405060F64B0FCEC4C4F /* FormularyApp.swift in Sources */,
				8B89104608A0310C80F3E226 /* ContentView.swift in Sources */,
				125A34447D7348F83F5141B2 /* Category.swift in Sources */,
				9856E2266F56330D185600AD /* Subcategory.swift in Sources */,
				7EFA2B726D0EF84E2392266E /* Formula.swift in Sources */,
				62616A5DE1201D2B476261AC /* UserNote.swift in Sources */,
				E20E91EB4D38B1B7A141BD86 /* CategoryViewModel.swift in Sources */,
				2F5E2ABE17DC9980AC740406 /* FormulaViewModel.swift in Sources */,
				D03D961F3CA5B7C411FF9585 /* SearchViewModel.swift in Sources */,
				9736F4D592EC57454C05BC9D /* FavoritesViewModel.swift in Sources */,
				9465C9AFC6E4327EB95AC873 /* HomeView.swift in Sources */,
				764188A286F955C6DB0CD0B5 /* CategoryCardView.swift in Sources */,
				F31D402F280FBEB485815652 /* CategoryDetailView.swift in Sources */,
				8D4D25C9C6C744DF7EC6AE97 /* SubcategoryListView.swift in Sources */,
				6A75E02212965C2C0936DFF9 /* FormulaListView.swift in Sources */,
				6D45A11FD0943F8FC2A7889E /* FormulaCardView.swift in Sources */,
				3666AB4D18A27DBFD396CA86 /* FormulaDetailView.swift in Sources */,
				9CF17000030C4B6921343AC4 /* SearchView.swift in Sources */,
				B6FD1855037117F59663E603 /* FavoritesView.swift in Sources */,
				1A2B3C4D5E6F7A8B9C0D1E2F /* NotesView.swift in Sources */,
				1260BCACF0900B327C60D2F5 /* SettingsView.swift in Sources */,
				5EB9228A17B4B2E293ECC5DE /* LaTeXView.swift in Sources */,
				D2E2897950E1BB03A4B36D88 /* TagChipView.swift in Sources */,
				8A33A11E8616B3A62B8E5903 /* LevelBadgeView.swift in Sources */,
				7A23C8713CAE3E3AF1BDB566 /* DataService.swift in Sources */,
				77BB3284307A36BF50BB5C34 /* SearchService.swift in Sources */,
				A6F6989EC206DAD53A546ABF /* PurchaseService.swift in Sources */,
				DD1122334455667788990011 /* DisciplinePurchaseView.swift in Sources */,
				FDFDEC95237A2F3C16F3C989 /* SeedData.swift in Sources */,
				2BA547C756CABB514F95877B /* Color+Theme.swift in Sources */,
				8E553678E338B316A9FFD563 /* View+Extensions.swift in Sources */,
				AA11111111111111AAAAAAAA /* Visualization.swift in Sources */,
				BB11111111111111BBBBBBBB /* VisualizationComponents.swift in Sources */,
				CC11111111111111CCCCCCCC /* InteractiveGraphViews.swift in Sources */,
				DD11111111111111DDDDDDDD /* GeometryViews.swift in Sources */,
				EE11111111111111EEEEEEEE /* VisualizationRouter.swift in Sources */,
				AB11111111111111AAAAAAAA /* LaTeXTextView.swift in Sources */,
				AC11111111111111AAAAAAAA /* PhysicsViews.swift in Sources */,
				AD11111111111111AAAAAAAA /* WaveOpticsViews.swift in Sources */,
				AE11111111111111AAAAAAAA /* MoreGraphViews.swift in Sources */,
				AF11111111111111AAAAAAAA /* Font+Quicksand.swift in Sources */,
				D8EA77042B583D60B72CF9D9 /* SplashScreenView.swift in Sources */,
				4C2B5A1E2C6BCC8168702634 /* Configuration.storekit in Sources */,
			);
			runOnlyForDeploymentPostprocessing = 0;
		};
/* End PBXSourcesBuildPhase section */

/* Begin XCBuildConfiguration section */
		5D3E09CE9E90A2A237B51543 /* Debug */ = {
			isa = XCBuildConfiguration;
			buildSettings = {
				ASSETCATALOG_COMPILER_APPICON_NAME = AppIcon;
				ASSETCATALOG_COMPILER_GLOBAL_ACCENT_COLOR_NAME = AccentColor;
				CODE_SIGN_STYLE = Automatic;
				CURRENT_PROJECT_VERSION = 1;
				DEVELOPMENT_ASSET_PATHS = "";
				ENABLE_PREVIEWS = YES;
				GENERATE_INFOPLIST_FILE = YES;
				INFOPLIST_FILE = Formulary/Info.plist;
				INFOPLIST_KEY_CFBundleDisplayName = Formulary;
				INFOPLIST_KEY_LSApplicationCategoryType = "public.app-category.education";
				INFOPLIST_KEY_UIApplicationSceneManifest_Generation = YES;
				INFOPLIST_KEY_UIApplicationSupportsIndirectInputEvents = YES;
				INFOPLIST_KEY_UILaunchScreen_Generation = YES;
				INFOPLIST_KEY_UISupportedInterfaceOrientations = UIInterfaceOrientationPortrait;
				LD_RUNPATH_SEARCH_PATHS = (
					"$(inherited)",
					"@executable_path/Frameworks",
				);
				MARKETING_VERSION = 1.0;
				PRODUCT_BUNDLE_IDENTIFIER = com.erders.formulary;
				PRODUCT_NAME = "$(TARGET_NAME)";
				SUPPORTED_PLATFORMS = "iphoneos iphonesimulator";
				SUPPORTS_MACCATALYST = NO;
				SWIFT_EMIT_LOC_STRINGS = YES;
				SWIFT_VERSION = 5.0;
				TARGETED_DEVICE_FAMILY = "1,2";
			};
			name = Debug;
		};
		62E2F1A761CFBAC90010E8EF /* Release */ = {
			isa = XCBuildConfiguration;
			buildSettings = {
				ALWAYS_SEARCH_USER_PATHS = NO;
				ASSTETCATALOG_COMPILER_APPICON_NAME = AppIcon;
				CLANG_ANALYZER_NONNULL = YES;
				CLANG_CXX_LANGUAGE_STANDARD = "gnu++20";
				CLANG_ENABLE_MODULES = YES;
				CLANG_ENABLE_OBJC_ARC = YES;
				CLANG_WARN_BLOCK_CAPTURE_AUTORELEASING = YES;
				CLANG_WARN_BOOL_CONVERSION = YES;
				CLANG_WARN_COMMA = YES;
				CLANG_WARN_CONSTANT_CONVERSION = YES;
				CLANG_WARN_DEPRECATED_OBJC_IMPLEMENTATIONS = YES;
				CLANG_WARN_EMPTY_BODY = YES;
				CLANG_WARN_ENUM_CONVERSION = YES;
				CLANG_WARN_INFINITE_RECURSION = YES;
				CLANG_WARN_INT_CONVERSION = YES;
				CLANG_WARN_NON_LITERAL_NULL_CONVERSION = YES;
				CLANG_WARN_OBJC_IMPLICIT_RETAIN_SELF = YES;
				CLANG_WARN_OBJC_LITERAL_CONVERSION = YES;
				CLANG_WARN_QUOTED_INCLUDE_IN_FRAMEWORK_HEADER = YES;
				CLANG_WARN_RANGE_LOOP_ANALYSIS = YES;
				CLANG_WARN_STRICT_PROTOTYPES = YES;
				CLANG_WARN_SUSPICIOUS_MOVE = YES;
				CLANG_WARN_UNREACHABLE_CODE = YES;
				CLANG_WARN__DUPLICATE_METHOD_MATCH = YES;
				COPY_PHASE_STRIP = NO;
				DEBUG_INFORMATION_FORMAT = "dwarf-with-dsym";
				DEVELOPMENT_TEAM = 428Z7G6L5F;
				ENABLE_NS_ASSERTIONS = NO;
				ENABLE_STRICT_OBJC_MSGSEND = YES;
				ENABLE_USER_SCRIPT_SANDBOXING = YES;
				GCC_NO_COMMON_BLOCKS = YES;
				GCC_WARN_64_TO_32_BIT_CONVERSION = YES;
				GCC_WARN_ABOUT_RETURN_TYPE = YES_ERROR;
				GCC_WARN_UNDECLARED_SELECTOR = YES;
				GCC_WARN_UNINITIALIZED_AUTOS = YES_AGGRESSIVE;
				GCC_WARN_UNUSED_FUNCTION = YES;
				GCC_WARN_UNUSED_VARIABLE = YES;
				IPHONEOS_DEPLOYMENT_TARGET = 17.0;
				MTL_ENABLE_DEBUG_INFO = NO;
				MTL_FAST_MATH = YES;
				SDKROOT = iphoneos;
				STRING_CATALOG_GENERATE_SYMBOLS = YES;
				SWIFT_COMPILATION_MODE = wholemodule;
				VALIDATE_PRODUCT = YES;
			};
			name = Release;
		};
		CDA5F53C1C202104E7649FAC /* Release */ = {
			isa = XCBuildConfiguration;
			buildSettings = {
				ASSETCATALOG_COMPILER_APPICON_NAME = AppIcon;
				ASSETCATALOG_COMPILER_GLOBAL_ACCENT_COLOR_NAME = AccentColor;
				CODE_SIGN_STYLE = Automatic;
				CURRENT_PROJECT_VERSION = 1;
				DEVELOPMENT_ASSET_PATHS = "";
				ENABLE_PREVIEWS = YES;
				GENERATE_INFOPLIST_FILE = YES;
				INFOPLIST_FILE = Formulary/Info.plist;
				INFOPLIST_KEY_CFBundleDisplayName = Formulary;
				INFOPLIST_KEY_LSApplicationCategoryType = "public.app-category.education";
				INFOPLIST_KEY_UIApplicationSceneManifest_Generation = YES;
				INFOPLIST_KEY_UIApplicationSupportsIndirectInputEvents = YES;
				INFOPLIST_KEY_UILaunchScreen_Generation = YES;
				INFOPLIST_KEY_UISupportedInterfaceOrientations = UIInterfaceOrientationPortrait;
				LD_RUNPATH_SEARCH_PATHS = (
					"$(inherited)",
					"@executable_path/Frameworks",
				);
				MARKETING_VERSION = 1.0;
				PRODUCT_BUNDLE_IDENTIFIER = com.erders.formulary;
				PRODUCT_NAME = "$(TARGET_NAME)";
				SUPPORTED_PLATFORMS = "iphoneos iphonesimulator";
				SUPPORTS_MACCATALYST = NO;
				SWIFT_EMIT_LOC_STRINGS = YES;
				SWIFT_VERSION = 5.0;
				TARGETED_DEVICE_FAMILY = "1,2";
			};
			name = Release;
		};
		E6AD82D28B28722124EBD01F /* Debug */ = {
			isa = XCBuildConfiguration;
			buildSettings = {
				ALWAYS_SEARCH_USER_PATHS = NO;
				ASSTETCATALOG_COMPILER_APPICON_NAME = AppIcon;
				CLANG_ANALYZER_NONNULL = YES;
				CLANG_CXX_LANGUAGE_STANDARD = "gnu++20";
				CLANG_ENABLE_MODULES = YES;
				CLANG_ENABLE_OBJC_ARC = YES;
				CLANG_WARN_BLOCK_CAPTURE_AUTORELEASING = YES;
				CLANG_WARN_BOOL_CONVERSION = YES;
				CLANG_WARN_COMMA = YES;
				CLANG_WARN_CONSTANT_CONVERSION = YES;
				CLANG_WARN_DEPRECATED_OBJC_IMPLEMENTATIONS = YES;
				CLANG_WARN_EMPTY_BODY = YES;
				CLANG_WARN_ENUM_CONVERSION = YES;
				CLANG_WARN_INFINITE_RECURSION = YES;
				CLANG_WARN_INT_CONVERSION = YES;
				CLANG_WARN_NON_LITERAL_NULL_CONVERSION = YES;
				CLANG_WARN_OBJC_IMPLICIT_RETAIN_SELF = YES;
				CLANG_WARN_OBJC_LITERAL_CONVERSION = YES;
				CLANG_WARN_QUOTED_INCLUDE_IN_FRAMEWORK_HEADER = YES;
				CLANG_WARN_RANGE_LOOP_ANALYSIS = YES;
				CLANG_WARN_STRICT_PROTOTYPES = YES;
				CLANG_WARN_SUSPICIOUS_MOVE = YES;
				CLANG_WARN_UNREACHABLE_CODE = YES;
				CLANG_WARN__DUPLICATE_METHOD_MATCH = YES;
				COPY_PHASE_STRIP = NO;
				DEBUG_INFORMATION_FORMAT = dwarf;
				DEVELOPMENT_TEAM = 428Z7G6L5F;
				ENABLE_STRICT_OBJC_MSGSEND = YES;
				ENABLE_TESTABILITY = YES;
				ENABLE_USER_SCRIPT_SANDBOXING = YES;
				GCC_DYNAMIC_NO_PIC = NO;
				GCC_NO_COMMON_BLOCKS = YES;
				GCC_OPTIMIZATION_LEVEL = 0;
				GCC_PREPROCESSOR_DEFINITIONS = (
					"DEBUG=1",
					"$(inherited)",
				);
				GCC_WARN_64_TO_32_BIT_CONVERSION = YES;
				GCC_WARN_ABOUT_RETURN_TYPE = YES_ERROR;
				GCC_WARN_UNDECLARED_SELECTOR = YES;
				GCC_WARN_UNINITIALIZED_AUTOS = YES_AGGRESSIVE;
				GCC_WARN_UNUSED_FUNCTION = YES;
				GCC_WARN_UNUSED_VARIABLE = YES;
				IPHONEOS_DEPLOYMENT_TARGET = 17.0;
				MTL_ENABLE_DEBUG_INFO = INCLUDE_SOURCE;
				MTL_FAST_MATH = YES;
				ONLY_ACTIVE_ARCH = YES;
				SDKROOT = iphoneos;
				STRING_CATALOG_GENERATE_SYMBOLS = YES;
				SWIFT_ACTIVE_COMPILATION_CONDITIONS = "$(inherited) DEBUG";
				SWIFT_OPTIMIZATION_LEVEL = "-Onone";
			};
			name = Debug;
		};
/* End XCBuildConfiguration section */

/* Begin XCConfigurationList section */
		9CC528B827103F15F457673B /* Build configuration list for PBXProject "Formulary" */ = {
			isa = XCConfigurationList;
			buildConfigurations = (
				E6AD82D28B28722124EBD01F /* Debug */,
				62E2F1A761CFBAC90010E8EF /* Release */,
			);
			defaultConfigurationIsVisible = 0;
			defaultConfigurationName = Release;
		};
		BB3A178A47605D19D7D091B2 /* Build configuration list for PBXNativeTarget "Formulary" */ = {
			isa = XCConfigurationList;
			buildConfigurations = (
				5D3E09CE9E90A2A237B51543 /* Debug */,
				CDA5F53C1C202104E7649FAC /* Release */,
			);
			defaultConfigurationIsVisible = 0;
			defaultConfigurationName = Release;
		};
/* End XCConfigurationList section */
	};
	rootObject = F9A02979566CED0BD00F1B70 /* Project object */;
}
